
Microsoft Visual Studio Solution File, Format Version 12.00
# Visual Studio Version 17
VisualStudioVersion = 17.5.2.0
MinimumVisualStudioVersion = 10.0.40219.1
Project("{FAE04EC0-301F-11D3-BF4B-00C04F79EFBC}") = "R3P.Hivemind", "R3P.Conduit\\R3P.Hivemind.csproj", "{B9D71B13-16EC-3433-F6A0-B40C7BAA93AB}"
EndProject
Project("{FAE04EC0-301F-11D3-BF4B-00C04F79EFBC}") = "R3P.Hivemind.Core", "R3P.Hivemind.Core\R3P.Hivemind.Core.csproj", "{61C7D3E9-0661-48BB-9870-C2D9BA6D3A15}"
EndProject
Project("{FAE04EC0-301F-11D3-BF4B-00C04F79EFBC}") = "R3P.Hivemind.Desktop", "R3P.Hivemind.Desktop\R3P.Hivemind.Desktop.csproj", "{BC6C9461-72AE-4FDD-A913-A37E5E2F1987}"
EndProject
Global
	GlobalSection(SolutionConfigurationPlatforms) = preSolution
		Debug|Any CPU = Debug|Any CPU
		Debug|x64 = Debug|x64
		Debug|x86 = Debug|x86
		Release|Any CPU = Release|Any CPU
		Release|x64 = Release|x64
		Release|x86 = Release|x86
	EndGlobalSection
	GlobalSection(ProjectConfigurationPlatforms) = postSolution
		{B9D71B13-16EC-3433-F6A0-B40C7BAA93AB}.Debug|Any CPU.ActiveCfg = Debug|Any CPU
		{B9D71B13-16EC-3433-F6A0-B40C7BAA93AB}.Debug|Any CPU.Build.0 = Debug|Any CPU
		{B9D71B13-16EC-3433-F6A0-B40C7BAA93AB}.Debug|x64.ActiveCfg = Debug|Any CPU
		{B9D71B13-16EC-3433-F6A0-B40C7BAA93AB}.Debug|x64.Build.0 = Debug|Any CPU
		{B9D71B13-16EC-3433-F6A0-B40C7BAA93AB}.Debug|x86.ActiveCfg = Debug|Any CPU
		{B9D71B13-16EC-3433-F6A0-B40C7BAA93AB}.Debug|x86.Build.0 = Debug|Any CPU
		{B9D71B13-16EC-3433-F6A0-B40C7BAA93AB}.Release|Any CPU.ActiveCfg = Release|Any CPU
		{B9D71B13-16EC-3433-F6A0-B40C7BAA93AB}.Release|Any CPU.Build.0 = Release|Any CPU
		{B9D71B13-16EC-3433-F6A0-B40C7BAA93AB}.Release|x64.ActiveCfg = Release|Any CPU
		{B9D71B13-16EC-3433-F6A0-B40C7BAA93AB}.Release|x64.Build.0 = Release|Any CPU
		{B9D71B13-16EC-3433-F6A0-B40C7BAA93AB}.Release|x86.ActiveCfg = Release|Any CPU
		{B9D71B13-16EC-3433-F6A0-B40C7BAA93AB}.Release|x86.Build.0 = Release|Any CPU
		{61C7D3E9-0661-48BB-9870-C2D9BA6D3A15}.Debug|Any CPU.ActiveCfg = Debug|Any CPU
		{61C7D3E9-0661-48BB-9870-C2D9BA6D3A15}.Debug|Any CPU.Build.0 = Debug|Any CPU
		{61C7D3E9-0661-48BB-9870-C2D9BA6D3A15}.Debug|x64.ActiveCfg = Debug|Any CPU
		{61C7D3E9-0661-48BB-9870-C2D9BA6D3A15}.Debug|x64.Build.0 = Debug|Any CPU
		{61C7D3E9-0661-48BB-9870-C2D9BA6D3A15}.Debug|x86.ActiveCfg = Debug|Any CPU
		{61C7D3E9-0661-48BB-9870-C2D9BA6D3A15}.Debug|x86.Build.0 = Debug|Any CPU
		{61C7D3E9-0661-48BB-9870-C2D9BA6D3A15}.Release|Any CPU.ActiveCfg = Release|Any CPU
		{61C7D3E9-0661-48BB-9870-C2D9BA6D3A15}.Release|Any CPU.Build.0 = Release|Any CPU
		{61C7D3E9-0661-48BB-9870-C2D9BA6D3A15}.Release|x64.ActiveCfg = Release|Any CPU
		{61C7D3E9-0661-48BB-9870-C2D9BA6D3A15}.Release|x64.Build.0 = Release|Any CPU
		{61C7D3E9-0661-48BB-9870-C2D9BA6D3A15}.Release|x86.ActiveCfg = Release|Any CPU
		{61C7D3E9-0661-48BB-9870-C2D9BA6D3A15}.Release|x86.Build.0 = Release|Any CPU
		{BC6C9461-72AE-4FDD-A913-A37E5E2F1987}.Debug|Any CPU.ActiveCfg = Debug|Any CPU
		{BC6C9461-72AE-4FDD-A913-A37E5E2F1987}.Debug|Any CPU.Build.0 = Debug|Any CPU
		{BC6C9461-72AE-4FDD-A913-A37E5E2F1987}.Debug|x64.ActiveCfg = Debug|Any CPU
		{BC6C9461-72AE-4FDD-A913-A37E5E2F1987}.Debug|x64.Build.0 = Debug|Any CPU
		{BC6C9461-72AE-4FDD-A913-A37E5E2F1987}.Debug|x86.ActiveCfg = Debug|Any CPU
		{BC6C9461-72AE-4FDD-A913-A37E5E2F1987}.Debug|x86.Build.0 = Debug|Any CPU
		{BC6C9461-72AE-4FDD-A913-A37E5E2F1987}.Release|Any CPU.ActiveCfg = Release|Any CPU
		{BC6C9461-72AE-4FDD-A913-A37E5E2F1987}.Release|Any CPU.Build.0 = Release|Any CPU
		{BC6C9461-72AE-4FDD-A913-A37E5E2F1987}.Release|x64.ActiveCfg = Release|Any CPU
		{BC6C9461-72AE-4FDD-A913-A37E5E2F1987}.Release|x64.Build.0 = Release|Any CPU
		{BC6C9461-72AE-4FDD-A913-A37E5E2F1987}.Release|x86.ActiveCfg = Release|Any CPU
		{BC6C9461-72AE-4FDD-A913-A37E5E2F1987}.Release|x86.Build.0 = Release|Any CPU
	EndGlobalSection
	GlobalSection(SolutionProperties) = preSolution
		HideSolutionNode = FALSE
	EndGlobalSection
	GlobalSection(ExtensibilityGlobals) = postSolution
		SolutionGuid = {B039514C-63C6-4B63-94B2-19B4E364C571}
	EndGlobalSection
EndGlobal
